// !$*UTF8*$!
{
	archiveVersion = 1;
	classes = {
	};
	objectVersion = 46;
	objects = {

/* Begin PBXBuildFile section */
		CD2F0D61193F16A9007C8BF8 /* AppDelegate.swift in Sources */ = {isa = PBXBuildFile; fileRef = CD2F0D60193F16A9007C8BF8 /* AppDelegate.swift */; };
		CD2F0D63193F16A9007C8BF8 /* ViewController.swift in Sources */ = {isa = PBXBuildFile; fileRef = CD2F0D62193F16A9007C8BF8 /* ViewController.swift */; };
		CD2F0D66193F16A9007C8BF8 /* Main.storyboard in Resources */ = {isa = PBXBuildFile; fileRef = CD2F0D64193F16A9007C8BF8 /* Main.storyboard */; };
		CD2F0D68193F16A9007C8BF8 /* Images.xcassets in Resources */ = {isa = PBXBuildFile; fileRef = CD2F0D67193F16A9007C8BF8 /* Images.xcassets */; };
		CD2F0D74193F16A9007C8BF8 /* HelloWorldTests.swift in Sources */ = {isa = PBXBuildFile; fileRef = CD2F0D73193F16A9007C8BF8 /* HelloWorldTests.swift */; };
		CD2F0D80193F2204007C8BF8 /* ListViewController.swift in Sources */ = {isa = PBXBuildFile; fileRef = CD2F0D7F193F2204007C8BF8 /* ListViewController.swift */; };
		CD61E9D21940670E005B8068 /* GroupedTableViewController.swift in Sources */ = {isa = PBXBuildFile; fileRef = CD61E9D11940670D005B8068 /* GroupedTableViewController.swift */; };
		CD61E9D419406A19005B8068 /* SimpleTableViewController.swift in Sources */ = {isa = PBXBuildFile; fileRef = CD61E9D319406A19005B8068 /* SimpleTableViewController.swift */; };
		CDAAB8CA19403540007C10DA /* ListTableViewCell.swift in Sources */ = {isa = PBXBuildFile; fileRef = CDAAB8C919403540007C10DA /* ListTableViewCell.swift */; };
		CDB75F061940650600F19530 /* TableViewListingController.swift in Sources */ = {isa = PBXBuildFile; fileRef = CDB75F051940650600F19530 /* TableViewListingController.swift */; };
		CDE8C369193F2FC900F4F75B /* DetailedViewController.swift in Sources */ = {isa = PBXBuildFile; fileRef = CDE8C368193F2FC900F4F75B /* DetailedViewController.swift */; };
		EFC2B2161940BBCB004998B2 /* LoggedInViewController.swift in Sources */ = {isa = PBXBuildFile; fileRef = EFC2B2151940BBCB004998B2 /* LoggedInViewController.swift */; };
		EFC2B21A1940C724004998B2 /* LabelViewController.swift in Sources */ = {isa = PBXBuildFile; fileRef = EFC2B2191940C724004998B2 /* LabelViewController.swift */; };
/* End PBXBuildFile section */

/* Begin PBXContainerItemProxy section */
		CD2F0D6E193F16A9007C8BF8 /* PBXContainerItemProxy */ = {
			isa = PBXContainerItemProxy;
			containerPortal = CD2F0D53193F16A9007C8BF8 /* Project object */;
			proxyType = 1;
			remoteGlobalIDString = CD2F0D5A193F16A9007C8BF8;
			remoteInfo = HelloWorld;
		};
/* End PBXContainerItemProxy section */

/* Begin PBXFileReference section */
		CD2F0D5B193F16A9007C8BF8 /* iOS8SampleCode.app */ = {isa = PBXFileReference; explicitFileType = wrapper.application; includeInIndex = 0; path = iOS8SampleCode.app; sourceTree = BUILT_PRODUCTS_DIR; };
		CD2F0D5F193F16A9007C8BF8 /* Info.plist */ = {isa = PBXFileReference; lastKnownFileType = text.plist.xml; path = Info.plist; sourceTree = "<group>"; };
		CD2F0D60193F16A9007C8BF8 /* AppDelegate.swift */ = {isa = PBXFileReference; lastKnownFileType = sourcecode.swift; path = AppDelegate.swift; sourceTree = "<group>"; };
		CD2F0D62193F16A9007C8BF8 /* ViewController.swift */ = {isa = PBXFileReference; lastKnownFileType = sourcecode.swift; path = ViewController.swift; sourceTree = "<group>"; };
		CD2F0D65193F16A9007C8BF8 /* Base */ = {isa = PBXFileReference; lastKnownFileType = file.storyboard; name = Base; path = Base.lproj/Main.storyboard; sourceTree = "<group>"; };
		CD2F0D67193F16A9007C8BF8 /* Images.xcassets */ = {isa = PBXFileReference; lastKnownFileType = folder.assetcatalog; path = Images.xcassets; sourceTree = "<group>"; };
		CD2F0D6D193F16A9007C8BF8 /* iOS8SampleCodeTests.xctest */ = {isa = PBXFileReference; explicitFileType = wrapper.cfbundle; includeInIndex = 0; path = iOS8SampleCodeTests.xctest; sourceTree = BUILT_PRODUCTS_DIR; };
		CD2F0D72193F16A9007C8BF8 /* Info.plist */ = {isa = PBXFileReference; lastKnownFileType = text.plist.xml; path = Info.plist; sourceTree = "<group>"; };
		CD2F0D73193F16A9007C8BF8 /* HelloWorldTests.swift */ = {isa = PBXFileReference; lastKnownFileType = sourcecode.swift; path = HelloWorldTests.swift; sourceTree = "<group>"; };
		CD2F0D7F193F2204007C8BF8 /* ListViewController.swift */ = {isa = PBXFileReference; fileEncoding = 4; lastKnownFileType = sourcecode.swift; path = ListViewController.swift; sourceTree = "<group>"; };
		CD61E9D11940670D005B8068 /* GroupedTableViewController.swift */ = {isa = PBXFileReference; fileEncoding = 4; lastKnownFileType = sourcecode.swift; path = GroupedTableViewController.swift; sourceTree = "<group>"; };
		CD61E9D319406A19005B8068 /* SimpleTableViewController.swift */ = {isa = PBXFileReference; fileEncoding = 4; lastKnownFileType = sourcecode.swift; path = SimpleTableViewController.swift; sourceTree = "<group>"; };
		CDAAB8C619402AAF007C10DA /* Constant.h */ = {isa = PBXFileReference; lastKnownFileType = sourcecode.c.h; path = Constant.h; sourceTree = "<group>"; };
		CDAAB8C919403540007C10DA /* ListTableViewCell.swift */ = {isa = PBXFileReference; fileEncoding = 4; lastKnownFileType = sourcecode.swift; path = ListTableViewCell.swift; sourceTree = "<group>"; };
		CDB75F051940650600F19530 /* TableViewListingController.swift */ = {isa = PBXFileReference; fileEncoding = 4; lastKnownFileType = sourcecode.swift; path = TableViewListingController.swift; sourceTree = "<group>"; };
		CDE8C368193F2FC900F4F75B /* DetailedViewController.swift */ = {isa = PBXFileReference; fileEncoding = 4; lastKnownFileType = sourcecode.swift; path = DetailedViewController.swift; sourceTree = "<group>"; };
		EFC2B2151940BBCB004998B2 /* LoggedInViewController.swift */ = {isa = PBXFileReference; fileEncoding = 4; lastKnownFileType = sourcecode.swift; path = LoggedInViewController.swift; sourceTree = "<group>"; };
		EFC2B2191940C724004998B2 /* LabelViewController.swift */ = {isa = PBXFileReference; fileEncoding = 4; lastKnownFileType = sourcecode.swift; path = LabelViewController.swift; sourceTree = "<group>"; };
/* End PBXFileReference section */

/* Begin PBXFrameworksBuildPhase section */
		CD2F0D58193F16A9007C8BF8 /* Frameworks */ = {
			isa = PBXFrameworksBuildPhase;
			buildActionMask = 2147483647;
			files = (
			);
			runOnlyForDeploymentPostprocessing = 0;
		};
		CD2F0D6A193F16A9007C8BF8 /* Frameworks */ = {
			isa = PBXFrameworksBuildPhase;
			buildActionMask = 2147483647;
			files = (
			);
			runOnlyForDeploymentPostprocessing = 0;
		};
/* End PBXFrameworksBuildPhase section */

/* Begin PBXGroup section */
		CD2F0D52193F16A9007C8BF8 = {
			isa = PBXGroup;
			children = (
				CD2F0D5D193F16A9007C8BF8 /* HelloWorld */,
				CD2F0D70193F16A9007C8BF8 /* HelloWorldTests */,
				CD2F0D5C193F16A9007C8BF8 /* Products */,
			);
			sourceTree = "<group>";
		};
		CD2F0D5C193F16A9007C8BF8 /* Products */ = {
			isa = PBXGroup;
			children = (
				CD2F0D5B193F16A9007C8BF8 /* iOS8SampleCode.app */,
				CD2F0D6D193F16A9007C8BF8 /* iOS8SampleCodeTests.xctest */,
			);
			name = Products;
			sourceTree = "<group>";
		};
		CD2F0D5D193F16A9007C8BF8 /* HelloWorld */ = {
			isa = PBXGroup;
			children = (
				CD2F0D60193F16A9007C8BF8 /* AppDelegate.swift */,
				CD2F0D62193F16A9007C8BF8 /* ViewController.swift */,
				CD2F0D7F193F2204007C8BF8 /* ListViewController.swift */,
				CDB75F051940650600F19530 /* TableViewListingController.swift */,
				CD61E9D11940670D005B8068 /* GroupedTableViewController.swift */,
				CD61E9D319406A19005B8068 /* SimpleTableViewController.swift */,
				EFC2B2151940BBCB004998B2 /* LoggedInViewController.swift */,
				CDE8C368193F2FC900F4F75B /* DetailedViewController.swift */,
				EFC2B2191940C724004998B2 /* LabelViewController.swift */,
				CDAAB8C619402AAF007C10DA /* Constant.h */,
				CD2F0D64193F16A9007C8BF8 /* Main.storyboard */,
				CDAAB8C919403540007C10DA /* ListTableViewCell.swift */,
				CD2F0D67193F16A9007C8BF8 /* Images.xcassets */,
				CD2F0D5E193F16A9007C8BF8 /* Supporting Files */,
			);
			path = HelloWorld;
			sourceTree = "<group>";
		};
		CD2F0D5E193F16A9007C8BF8 /* Supporting Files */ = {
			isa = PBXGroup;
			children = (
				CD2F0D5F193F16A9007C8BF8 /* Info.plist */,
			);
			name = "Supporting Files";
			sourceTree = "<group>";
		};
		CD2F0D70193F16A9007C8BF8 /* HelloWorldTests */ = {
			isa = PBXGroup;
			children = (
				CD2F0D73193F16A9007C8BF8 /* HelloWorldTests.swift */,
				CD2F0D71193F16A9007C8BF8 /* Supporting Files */,
			);
			path = HelloWorldTests;
			sourceTree = "<group>";
		};
		CD2F0D71193F16A9007C8BF8 /* Supporting Files */ = {
			isa = PBXGroup;
			children = (
				CD2F0D72193F16A9007C8BF8 /* Info.plist */,
			);
			name = "Supporting Files";
			sourceTree = "<group>";
		};
/* End PBXGroup section */

/* Begin PBXNativeTarget section */
		CD2F0D5A193F16A9007C8BF8 /* iOS8SampleCode */ = {
			isa = PBXNativeTarget;
			buildConfigurationList = CD2F0D77193F16A9007C8BF8 /* Build configuration list for PBXNativeTarget "iOS8SampleCode" */;
			buildPhases = (
				CD2F0D57193F16A9007C8BF8 /* Sources */,
				CD2F0D58193F16A9007C8BF8 /* Frameworks */,
				CD2F0D59193F16A9007C8BF8 /* Resources */,
			);
			buildRules = (
			);
			dependencies = (
			);
			name = iOS8SampleCode;
			productName = HelloWorld;
			productReference = CD2F0D5B193F16A9007C8BF8 /* iOS8SampleCode.app */;
			productType = "com.apple.product-type.application";
		};
		CD2F0D6C193F16A9007C8BF8 /* iOS8SampleCodeTests */ = {
			isa = PBXNativeTarget;
			buildConfigurationList = CD2F0D7A193F16A9007C8BF8 /* Build configuration list for PBXNativeTarget "iOS8SampleCodeTests" */;
			buildPhases = (
				CD2F0D69193F16A9007C8BF8 /* Sources */,
				CD2F0D6A193F16A9007C8BF8 /* Frameworks */,
				CD2F0D6B193F16A9007C8BF8 /* Resources */,
			);
			buildRules = (
			);
			dependencies = (
				CD2F0D6F193F16A9007C8BF8 /* PBXTargetDependency */,
			);
			name = iOS8SampleCodeTests;
			productName = HelloWorldTests;
			productReference = CD2F0D6D193F16A9007C8BF8 /* iOS8SampleCodeTests.xctest */;
			productType = "com.apple.product-type.bundle.unit-test";
		};
/* End PBXNativeTarget section */

/* Begin PBXProject section */
		CD2F0D53193F16A9007C8BF8 /* Project object */ = {
			isa = PBXProject;
			attributes = {
				LastUpgradeCheck = 0600;
				ORGANIZATIONNAME = Deloitte;
				TargetAttributes = {
					CD2F0D5A193F16A9007C8BF8 = {
						CreatedOnToolsVersion = 6.0;
					};
					CD2F0D6C193F16A9007C8BF8 = {
						CreatedOnToolsVersion = 6.0;
						TestTargetID = CD2F0D5A193F16A9007C8BF8;
					};
				};
			};
			buildConfigurationList = CD2F0D56193F16A9007C8BF8 /* Build configuration list for PBXProject "iOS8SampleCode" */;
			compatibilityVersion = "Xcode 3.2";
			developmentRegion = English;
			hasScannedForEncodings = 0;
			knownRegions = (
				en,
				Base,
			);
			mainGroup = CD2F0D52193F16A9007C8BF8;
			productRefGroup = CD2F0D5C193F16A9007C8BF8 /* Products */;
			projectDirPath = "";
			projectRoot = "";
			targets = (
				CD2F0D5A193F16A9007C8BF8 /* iOS8SampleCode */,
				CD2F0D6C193F16A9007C8BF8 /* iOS8SampleCodeTests */,
			);
		};
/* End PBXProject section */

/* Begin PBXResourcesBuildPhase section */
		CD2F0D59193F16A9007C8BF8 /* Resources */ = {
			isa = PBXResourcesBuildPhase;
			buildActionMask = 2147483647;
			files = (
				CD2F0D66193F16A9007C8BF8 /* Main.storyboard in Resources */,
				CD2F0D68193F16A9007C8BF8 /* Images.xcassets in Resources */,
			);
			runOnlyForDeploymentPostprocessing = 0;
		};
		CD2F0D6B193F16A9007C8BF8 /* Resources */ = {
			isa = PBXResourcesBuildPhase;
			buildActionMask = 2147483647;
			files = (
			);
			runOnlyForDeploymentPostprocessing = 0;
		};
/* End PBXResourcesBuildPhase section */

/* Begin PBXSourcesBuildPhase section */
		CD2F0D57193F16A9007C8BF8 /* Sources */ = {
			isa = PBXSourcesBuildPhase;
			buildActionMask = 2147483647;
			files = (
				CD61E9D21940670E005B8068 /* GroupedTableViewController.swift in Sources */,
				EFC2B21A1940C724004998B2 /* LabelViewController.swift in Sources */,
				CD2F0D63193F16A9007C8BF8 /* ViewController.swift in Sources */,
				CD2F0D61193F16A9007C8BF8 /* AppDelegate.swift in Sources */,
				CD61E9D419406A19005B8068 /* SimpleTableViewController.swift in Sources */,
				CDB75F061940650600F19530 /* TableViewListingController.swift in Sources */,
				CDE8C369193F2FC900F4F75B /* DetailedViewController.swift in Sources */,
				EFC2B2161940BBCB004998B2 /* LoggedInViewController.swift in Sources */,
				CD2F0D80193F2204007C8BF8 /* ListViewController.swift in Sources */,
				CDAAB8CA19403540007C10DA /* ListTableViewCell.swift in Sources */,
			);
			runOnlyForDeploymentPostprocessing = 0;
		};
		CD2F0D69193F16A9007C8BF8 /* Sources */ = {
			isa = PBXSourcesBuildPhase;
			buildActionMask = 2147483647;
			files = (
				CD2F0D74193F16A9007C8BF8 /* HelloWorldTests.swift in Sources */,
			);
			runOnlyForDeploymentPostprocessing = 0;
		};
/* End PBXSourcesBuildPhase section */

/* Begin PBXTargetDependency section */
		CD2F0D6F193F16A9007C8BF8 /* PBXTargetDependency */ = {
			isa = PBXTargetDependency;
			target = CD2F0D5A193F16A9007C8BF8 /* iOS8SampleCode */;
			targetProxy = CD2F0D6E193F16A9007C8BF8 /* PBXContainerItemProxy */;
		};
/* End PBXTargetDependency section */

/* Begin PBXVariantGroup section */
		CD2F0D64193F16A9007C8BF8 /* Main.storyboard */ = {
			isa = PBXVariantGroup;
			children = (
				CD2F0D65193F16A9007C8BF8 /* Base */,
			);
			name = Main.storyboard;
			sourceTree = "<group>";
		};
/* End PBXVariantGroup section */

/* Begin XCBuildConfiguration section */
		CD2F0D75193F16A9007C8BF8 /* Debug */ = {
			isa = XCBuildConfiguration;
			buildSettings = {
				ALWAYS_SEARCH_USER_PATHS = NO;
				CLANG_CXX_LANGUAGE_STANDARD = "gnu++0x";
				CLANG_CXX_LIBRARY = "libc++";
				CLANG_ENABLE_MODULES = YES;
				CLANG_ENABLE_OBJC_ARC = YES;
				CLANG_WARN_BOOL_CONVERSION = YES;
				CLANG_WARN_CONSTANT_CONVERSION = YES;
				CLANG_WARN_DIRECT_OBJC_ISA_USAGE = YES_ERROR;
				CLANG_WARN_EMPTY_BODY = YES;
				CLANG_WARN_ENUM_CONVERSION = YES;
				CLANG_WARN_INT_CONVERSION = YES;
				CLANG_WARN_OBJC_ROOT_CLASS = YES_ERROR;
				CLANG_WARN_UNREACHABLE_CODE = YES;
				CLANG_WARN__DUPLICATE_METHOD_MATCH = YES;
				"CODE_SIGN_IDENTITY[sdk=iphoneos*]" = "iPhone Developer";
				COPY_PHASE_STRIP = NO;
				ENABLE_STRICT_OBJC_MSGSEND = YES;
				GCC_C_LANGUAGE_STANDARD = gnu99;
				GCC_DYNAMIC_NO_PIC = NO;
				GCC_OPTIMIZATION_LEVEL = 0;
				GCC_PREPROCESSOR_DEFINITIONS = (
					"DEBUG=1",
					"$(inherited)",
				);
				GCC_SYMBOLS_PRIVATE_EXTERN = NO;
				GCC_WARN_64_TO_32_BIT_CONVERSION = YES;
				GCC_WARN_ABOUT_RETURN_TYPE = YES_ERROR;
				GCC_WARN_UNDECLARED_SELECTOR = YES;
				GCC_WARN_UNINITIALIZED_AUTOS = YES_AGGRESSIVE;
				GCC_WARN_UNUSED_FUNCTION = YES;
				GCC_WARN_UNUSED_VARIABLE = YES;
				IPHONEOS_DEPLOYMENT_TARGET = 8.0;
				METAL_ENABLE_DEBUG_INFO = YES;
				ONLY_ACTIVE_ARCH = YES;
				SDKROOT = iphoneos;
				SWIFT_OPTIMIZATION_LEVEL = "-Onone";
			};
			name = Debug;
		};
		CD2F0D76193F16A9007C8BF8 /* Release */ = {
			isa = XCBuildConfiguration;
			buildSettings = {
				ALWAYS_SEARCH_USER_PATHS = NO;
				CLANG_CXX_LANGUAGE_STANDARD = "gnu++0x";
				CLANG_CXX_LIBRARY = "libc++";
				CLANG_ENABLE_MODULES = YES;
				CLANG_ENABLE_OBJC_ARC = YES;
				CLANG_WARN_BOOL_CONVERSION = YES;
				CLANG_WARN_CONSTANT_CONVERSION = YES;
				CLANG_WARN_DIRECT_OBJC_ISA_USAGE = YES_ERROR;
				CLANG_WARN_EMPTY_BODY = YES;
				CLANG_WARN_ENUM_CONVERSION = YES;
				CLANG_WARN_INT_CONVERSION = YES;
				CLANG_WARN_OBJC_ROOT_CLASS = YES_ERROR;
				CLANG_WARN_UNREACHABLE_CODE = YES;
				CLANG_WARN__DUPLICATE_METHOD_MATCH = YES;
				"CODE_SIGN_IDENTITY[sdk=iphoneos*]" = "iPhone Developer";
				COPY_PHASE_STRIP = YES;
				ENABLE_NS_ASSERTIONS = NO;
				ENABLE_STRICT_OBJC_MSGSEND = YES;
				GCC_C_LANGUAGE_STANDARD = gnu99;
				GCC_WARN_64_TO_32_BIT_CONVERSION = YES;
				GCC_WARN_ABOUT_RETURN_TYPE = YES_ERROR;
				GCC_WARN_UNDECLARED_SELECTOR = YES;
				GCC_WARN_UNINITIALIZED_AUTOS = YES_AGGRESSIVE;
				GCC_WARN_UNUSED_FUNCTION = YES;
				GCC_WARN_UNUSED_VARIABLE = YES;
				IPHONEOS_DEPLOYMENT_TARGET = 8.0;
				METAL_ENABLE_DEBUG_INFO = NO;
				SDKROOT = iphoneos;
				VALIDATE_PRODUCT = YES;
			};
			name = Release;
		};
		CD2F0D78193F16A9007C8BF8 /* Debug */ = {
			isa = XCBuildConfiguration;
			buildSettings = {
				ASSETCATALOG_COMPILER_APPICON_NAME = AppIcon;
				ASSETCATALOG_COMPILER_LAUNCHIMAGE_NAME = LaunchImage;
				INFOPLIST_FILE = HelloWorld/Info.plist;
				LD_RUNPATH_SEARCH_PATHS = "$(inherited) @executable_path/Frameworks";
				PRODUCT_NAME = iOS8SampleCode;
			};
			name = Debug;
		};
		CD2F0D79193F16A9007C8BF8 /* Release */ = {
			isa = XCBuildConfiguration;
			buildSettings = {
				ASSETCATALOG_COMPILER_APPICON_NAME = AppIcon;
				ASSETCATALOG_COMPILER_LAUNCHIMAGE_NAME = LaunchImage;
				INFOPLIST_FILE = HelloWorld/Info.plist;
				LD_RUNPATH_SEARCH_PATHS = "$(inherited) @executable_path/Frameworks";
				PRODUCT_NAME = iOS8SampleCode;
			};
			name = Release;
		};
		CD2F0D7B193F16A9007C8BF8 /* Debug */ = {
			isa = XCBuildConfiguration;
			buildSettings = {
				BUNDLE_LOADER = "$(BUILT_PRODUCTS_DIR)/HelloWorld.app/HelloWorld";
				FRAMEWORK_SEARCH_PATHS = (
					"$(SDKROOT)/Developer/Library/Frameworks",
					"$(inherited)",
				);
				GCC_PREPROCESSOR_DEFINITIONS = (
					"DEBUG=1",
					"$(inherited)",
				);
				INFOPLIST_FILE = HelloWorldTests/Info.plist;
				LD_RUNPATH_SEARCH_PATHS = "$(inherited) @executable_path/Frameworks @loader_path/Frameworks";
				METAL_ENABLE_DEBUG_INFO = YES;
				PRODUCT_NAME = iOS8SampleCodeTests;
				TEST_HOST = "$(BUNDLE_LOADER)";
			};
			name = Debug;
		};
		CD2F0D7C193F16A9007C8BF8 /* Release */ = {
			isa = XCBuildConfiguration;
			buildSettings = {
				BUNDLE_LOADER = "$(BUILT_PRODUCTS_DIR)/HelloWorld.app/HelloWorld";
				FRAMEWORK_SEARCH_PATHS = (
					"$(SDKROOT)/Developer/Library/Frameworks",
					"$(inherited)",
				);
				INFOPLIST_FILE = HelloWorldTests/Info.plist;
				LD_RUNPATH_SEARCH_PATHS = "$(inherited) @executable_path/Frameworks @loader_path/Frameworks";
				METAL_ENABLE_DEBUG_INFO = NO;
				PRODUCT_NAME = iOS8SampleCodeTests;
				TEST_HOST = "$(BUNDLE_LOADER)";
			};
			name = Release;
		};
/* End XCBuildConfiguration section */

/* Begin XCConfigurationList section */
		CD2F0D56193F16A9007C8BF8 /* Build configuration list for PBXProject "iOS8SampleCode" */ = {
			isa = XCConfigurationList;
			buildConfigurations = (
				CD2F0D75193F16A9007C8BF8 /* Debug */,
				CD2F0D76193F16A9007C8BF8 /* Release */,
			);
			defaultConfigurationIsVisible = 0;
			defaultConfigurationName = Release;
		};
		CD2F0D77193F16A9007C8BF8 /* Build configuration list for PBXNativeTarget "iOS8SampleCode" */ = {
			isa = XCConfigurationList;
			buildConfigurations = (
				CD2F0D78193F16A9007C8BF8 /* Debug */,
				CD2F0D79193F16A9007C8BF8 /* Release */,
			);
			defaultConfigurationIsVisible = 0;
			defaultConfigurationName = Release;
		};
		CD2F0D7A193F16A9007C8BF8 /* Build configuration list for PBXNativeTarget "iOS8SampleCodeTests" */ = {
			isa = XCConfigurationList;
			buildConfigurations = (
				CD2F0D7B193F16A9007C8BF8 /* Debug */,
				CD2F0D7C193F16A9007C8BF8 /* Release */,
			);
			defaultConfigurationIsVisible = 0;
			defaultConfigurationName = Release;
		};
/* End XCConfigurationList section */
	};
	rootObject = CD2F0D53193F16A9007C8BF8 /* Project object */;
}
